
Microsoft Visual Studio Solution File, Format Version 12.00
# Visual Studio Version 17
VisualStudioVersion = 17.5.002.0
MinimumVisualStudioVersion = 10.0.40219.1
Project("{2150E333-8FDC-42A3-9474-1A3956D46DE8}") = "CodeWars", "CodeWars", "{7CB5D75F-9B49-4329-9F79-2594643C8807}"
EndProject
Project("{2150E333-8FDC-42A3-9474-1A3956D46DE8}") = "CSharp", "CSharp", "{863E9A5C-E131-4ABD-975E-6B09325CDA79}"
EndProject
Project("{2150E333-8FDC-42A3-9474-1A3956D46DE8}") = "Kata", "Kata", "{2173341E-33B6-4B14-AFA6-9E32EC1E4328}"
EndProject
Project("{2150E333-8FDC-42A3-9474-1A3956D46DE8}") = "SevenKyu", "SevenKyu", "{F4DC7343-EDD6-436D-8F38-EB69F1F6AB50}"
EndProject
Project("{9A19103F-16F7-4668-BE54-9A1E7A4F7556}") = "MyReverseNumberApp", "CodeWars\CSharp\Kata\SevenKyu\ReverseANumber\MyReverseNumberApp.csproj", "{400AB4D1-698B-4C79-A433-1A15CA7272F3}"
EndProject
Project("{9A19103F-16F7-4668-BE54-9A1E7A4F7556}") = "StringEndsWithQuestionmark", "CodeWars\CSharp\Kata\SevenKyu\StringEndsWithQuestionmark\StringEndsWithQuestionmark.csproj", "{151056CB-0995-498D-BC4D-57E141DA6A3F}"
EndProject
Project("{2150E333-8FDC-42A3-9474-1A3956D46DE8}") = "SixKyu", "SixKyu", "{491D5E10-16F0-4E55-AE77-79481523E821}"
EndProject
Project("{FAE04EC0-301F-11D3-BF4B-00C04F79EFBC}") = "DigitalRoot", "CodeWars\CSharp\Kata\SixKyu\DigitalRoot\DigitalRoot.csproj", "{8F537C23-74C4-491C-9482-29A513AB9F60}"
EndProject
Global
	GlobalSection(SolutionConfigurationPlatforms) = preSolution
		Debug|Any CPU = Debug|Any CPU
		Release|Any CPU = Release|Any CPU
	EndGlobalSection
	GlobalSection(ProjectConfigurationPlatforms) = postSolution
		{400AB4D1-698B-4C79-A433-1A15CA7272F3}.Debug|Any CPU.ActiveCfg = Debug|Any CPU
		{400AB4D1-698B-4C79-A433-1A15CA7272F3}.Debug|Any CPU.Build.0 = Debug|Any CPU
		{400AB4D1-698B-4C79-A433-1A15CA7272F3}.Release|Any CPU.ActiveCfg = Release|Any CPU
		{400AB4D1-698B-4C79-A433-1A15CA7272F3}.Release|Any CPU.Build.0 = Release|Any CPU
		{151056CB-0995-498D-BC4D-57E141DA6A3F}.Debug|Any CPU.ActiveCfg = Debug|Any CPU
		{151056CB-0995-498D-BC4D-57E141DA6A3F}.Debug|Any CPU.Build.0 = Debug|Any CPU
		{151056CB-0995-498D-BC4D-57E141DA6A3F}.Release|Any CPU.ActiveCfg = Release|Any CPU
		{151056CB-0995-498D-BC4D-57E141DA6A3F}.Release|Any CPU.Build.0 = Release|Any CPU
		{8F537C23-74C4-491C-9482-29A513AB9F60}.Debug|Any CPU.ActiveCfg = Debug|Any CPU
		{8F537C23-74C4-491C-9482-29A513AB9F60}.Debug|Any CPU.Build.0 = Debug|Any CPU
		{8F537C23-74C4-491C-9482-29A513AB9F60}.Release|Any CPU.ActiveCfg = Release|Any CPU
		{8F537C23-74C4-491C-9482-29A513AB9F60}.Release|Any CPU.Build.0 = Release|Any CPU
	EndGlobalSection
	GlobalSection(SolutionProperties) = preSolution
		HideSolutionNode = FALSE
	EndGlobalSection
	GlobalSection(NestedProjects) = preSolution
		{863E9A5C-E131-4ABD-975E-6B09325CDA79} = {7CB5D75F-9B49-4329-9F79-2594643C8807}
		{2173341E-33B6-4B14-AFA6-9E32EC1E4328} = {863E9A5C-E131-4ABD-975E-6B09325CDA79}
		{F4DC7343-EDD6-436D-8F38-EB69F1F6AB50} = {2173341E-33B6-4B14-AFA6-9E32EC1E4328}
		{400AB4D1-698B-4C79-A433-1A15CA7272F3} = {F4DC7343-EDD6-436D-8F38-EB69F1F6AB50}
		{151056CB-0995-498D-BC4D-57E141DA6A3F} = {F4DC7343-EDD6-436D-8F38-EB69F1F6AB50}
		{491D5E10-16F0-4E55-AE77-79481523E821} = {2173341E-33B6-4B14-AFA6-9E32EC1E4328}
		{8F537C23-74C4-491C-9482-29A513AB9F60} = {491D5E10-16F0-4E55-AE77-79481523E821}
	EndGlobalSection
	GlobalSection(ExtensibilityGlobals) = postSolution
		SolutionGuid = {E83CE09A-BE87-4B73-B0BF-B30EF865F909}
	EndGlobalSection
EndGlobal
